
Microsoft Visual Studio Solution File, Format Version 12.00
# Visual Studio Version 16
VisualStudioVersion = 16.0.30011.22
MinimumVisualStudioVersion = 10.0.40219.1
Project("{9A19103F-16F7-4668-BE54-9A1E7A4F7556}") = "SwaggerCoreExportDocs", "SwaggerCoreExportDocs\SwaggerCoreExportDocs.csproj", "{EF7E141F-F32F-49CA-AE87-6682CFF2637E}"
EndProject
Project("{9A19103F-16F7-4668-BE54-9A1E7A4F7556}") = "SwaggerExtensions", "SwaggerExtensions\SwaggerExtensions.csproj", "{972A7810-2F76-42FE-9514-2A0CB96A79EE}"
EndProject
Global
	GlobalSection(SolutionConfigurationPlatforms) = preSolution
		Debug|Any CPU = Debug|Any CPU
		Release|Any CPU = Release|Any CPU
	EndGlobalSection
	GlobalSection(ProjectConfigurationPlatforms) = postSolution
		{EF7E141F-F32F-49CA-AE87-6682CFF2637E}.Debug|Any CPU.ActiveCfg = Debug|Any CPU
		{EF7E141F-F32F-49CA-AE87-6682CFF2637E}.Debug|Any CPU.Build.0 = Debug|Any CPU
		{EF7E141F-F32F-49CA-AE87-6682CFF2637E}.Release|Any CPU.ActiveCfg = Release|Any CPU
		{EF7E141F-F32F-49CA-AE87-6682CFF2637E}.Release|Any CPU.Build.0 = Release|Any CPU
		{972A7810-2F76-42FE-9514-2A0CB96A79EE}.Debug|Any CPU.ActiveCfg = Debug|Any CPU
		{972A7810-2F76-42FE-9514-2A0CB96A79EE}.Debug|Any CPU.Build.0 = Debug|Any CPU
		{972A7810-2F76-42FE-9514-2A0CB96A79EE}.Release|Any CPU.ActiveCfg = Release|Any CPU
		{972A7810-2F76-42FE-9514-2A0CB96A79EE}.Release|Any CPU.Build.0 = Release|Any CPU
	EndGlobalSection
	GlobalSection(SolutionProperties) = preSolution
		HideSolutionNode = FALSE
	EndGlobalSection
	GlobalSection(ExtensibilityGlobals) = postSolution
		SolutionGuid = {A184EE98-451D-4633-9CAE-F9AE245C1A31}
	EndGlobalSection
EndGlobal
